
Microsoft Visual Studio Solution File, Format Version 12.00
# Visual Studio Version 17
VisualStudioVersion = 17.6.33801.468
MinimumVisualStudioVersion = 10.0.40219.1
Project("{FAE04EC0-301F-11D3-BF4B-00C04F79EFBC}") = "RSA", "RSA\RSA.csproj", "{B7F9FE28-68EB-4D57-A1F7-020B65F91586}"
EndProject
Global
	GlobalSection(SolutionConfigurationPlatforms) = preSolution
		Debug|Any CPU = Debug|Any CPU
		Release|Any CPU = Release|Any CPU
	EndGlobalSection
	GlobalSection(ProjectConfigurationPlatforms) = postSolution
		{B7F9FE28-68EB-4D57-A1F7-020B65F91586}.Debug|Any CPU.ActiveCfg = Debug|Any CPU
		{B7F9FE28-68EB-4D57-A1F7-020B65F91586}.Debug|Any CPU.Build.0 = Debug|Any CPU
		{B7F9FE28-68EB-4D57-A1F7-020B65F91586}.Release|Any CPU.ActiveCfg = Release|Any CPU
		{B7F9FE28-68EB-4D57-A1F7-020B65F91586}.Release|Any CPU.Build.0 = Release|Any CPU
	EndGlobalSection
	GlobalSection(SolutionProperties) = preSolution
		HideSolutionNode = FALSE
	EndGlobalSection
	GlobalSection(ExtensibilityGlobals) = postSolution
		SolutionGuid = {7680C8D7-A46E-406E-85F6-54388E79F003}
	EndGlobalSection
EndGlobal
